
Microsoft Visual Studio Solution File, Format Version 12.00
# Visual Studio Version 17
VisualStudioVersion = 17.7.34031.279
MinimumVisualStudioVersion = 10.0.40219.1
Project("{9A19103F-16F7-4668-BE54-9A1E7A4F7556}") = "SingleResponsibilityPrinciple", "SOLID\SingleResponsibilityPrinciple\SingleResponsibilityPrinciple.csproj", "{7EEE6EFA-D242-4915-8474-24F3237AAA32}"
EndProject
Project("{2150E333-8FDC-42A3-9474-1A3956D46DE8}") = "SOLID", "SOLID", "{5DA43D0D-B279-40B9-B167-54691E76B834}"
EndProject
Project("{2150E333-8FDC-42A3-9474-1A3956D46DE8}") = "GoF", "GoF", "{958CE519-0F31-43D5-9532-5B5D6D6B0163}"
EndProject
Project("{9A19103F-16F7-4668-BE54-9A1E7A4F7556}") = "Open-ClosedPrinciple", "SOLID\Open-ClosedPrinciple\Open-ClosedPrinciple.csproj", "{A2AF60AC-A5AE-40E9-9B3A-191E1078B0CF}"
EndProject
Project("{9A19103F-16F7-4668-BE54-9A1E7A4F7556}") = "LiskovSubstitutionPrinciple", "SOLID\LiskovSubstitutionPrinciple\LiskovSubstitutionPrinciple.csproj", "{B739D779-0A77-4F30-A60E-671A62ED2567}"
EndProject
Project("{9A19103F-16F7-4668-BE54-9A1E7A4F7556}") = "InterfaceSegregationPrinciple", "SOLID\InterfaceSegregationPrinciple\InterfaceSegregationPrinciple.csproj", "{582EF70B-DEC5-48B7-8738-27429DFC1734}"
EndProject
Project("{9A19103F-16F7-4668-BE54-9A1E7A4F7556}") = "DependencyInversionPrinciple", "SOLID\DependencyInversionPrinciple\DependencyInversionPrinciple.csproj", "{0D9D1B05-0BAA-4EE7-94AE-C666A3C38ADD}"
EndProject
Project("{2150E333-8FDC-42A3-9474-1A3956D46DE8}") = "Creational", "Creational", "{0D2816DF-56A1-4FF7-9586-B6C4137BAC18}"
EndProject
Project("{2150E333-8FDC-42A3-9474-1A3956D46DE8}") = "Builder", "Builder", "{BAD4A4D1-7B4E-4A21-B0E6-49FAE6837258}"
EndProject
Project("{9A19103F-16F7-4668-BE54-9A1E7A4F7556}") = "Builder", "GoF\Creational\Builder\Builder\Builder.csproj", "{7AF8DD8A-CE32-49B9-83BA-F4B095D910B8}"
EndProject
Project("{9A19103F-16F7-4668-BE54-9A1E7A4F7556}") = "Builder2", "GoF\Creational\Builder\Builder2\Builder2.csproj", "{EFBB2339-8CA0-43BE-B781-21AD44FCE8A2}"
EndProject
Project("{9A19103F-16F7-4668-BE54-9A1E7A4F7556}") = "FluentBuilder", "GoF\Creational\Builder\FluentBuilder\FluentBuilder.csproj", "{BAADDAE5-7DDF-4136-8A4E-ABBDD9FD3E6F}"
EndProject
Project("{2150E333-8FDC-42A3-9474-1A3956D46DE8}") = "FactoryMethod", "FactoryMethod", "{72973E26-75A0-48B2-83B1-2FCC4D1E9C2B}"
EndProject
Project("{9A19103F-16F7-4668-BE54-9A1E7A4F7556}") = "SimpleFactoryMethod", "GoF\Creational\FactoryMethod\SimpleFactoryMethod\SimpleFactoryMethod.csproj", "{16ECADC4-329D-4676-BBE3-0D29BA8A0424}"
EndProject
Project("{9A19103F-16F7-4668-BE54-9A1E7A4F7556}") = "FactoryMethod", "GoF\Creational\FactoryMethod\FactoryMethod\FactoryMethod.csproj", "{025FD705-D698-4D48-8098-07E486B9BBEB}"
EndProject
Project("{2150E333-8FDC-42A3-9474-1A3956D46DE8}") = "AbstractFactory", "AbstractFactory", "{65EB9A83-5A25-44CE-B299-3696B2201901}"
EndProject
Project("{9A19103F-16F7-4668-BE54-9A1E7A4F7556}") = "AbstractFactory", "GoF\Creational\AbstractFactory\AbstractFactory\AbstractFactory.csproj", "{41F1FB26-D470-45D1-BC95-F4C8E70D0925}"
EndProject
Project("{2150E333-8FDC-42A3-9474-1A3956D46DE8}") = "Singleton", "Singleton", "{67BD4E74-25B1-4955-91AA-BC09F91A3DD5}"
EndProject
Project("{9A19103F-16F7-4668-BE54-9A1E7A4F7556}") = "Singleton", "GoF\Creational\Singleton\Singleton\Singleton.csproj", "{7832FFCE-6B31-44DC-91A7-84BF8569CDB3}"
EndProject
Project("{2150E333-8FDC-42A3-9474-1A3956D46DE8}") = "Prototype", "Prototype", "{DCDC1F4C-E7F3-4854-BC2D-BB46BFE7A137}"
EndProject
Project("{9A19103F-16F7-4668-BE54-9A1E7A4F7556}") = "PrototypeICloneableIsBad", "GoF\Creational\Prototype\PrototypeICloneableIsBad\PrototypeICloneableIsBad.csproj", "{83F3873D-E350-41B4-A1C2-E2F17EDB73AD}"
EndProject
Project("{9A19103F-16F7-4668-BE54-9A1E7A4F7556}") = "PrototypeCopyConstructors", "GoF\Creational\Prototype\PrototypeCopyConstructors\PrototypeCopyConstructors.csproj", "{8D170285-3958-4835-84F3-52BA3357D2FB}"
EndProject
Project("{9A19103F-16F7-4668-BE54-9A1E7A4F7556}") = "PrototypeExplicitDeepCopyInterface", "GoF\Creational\Prototype\PrototypeExplicitDeepCopyInterface\PrototypeExplicitDeepCopyInterface.csproj", "{D0B20B7F-C798-4EF3-A8FB-27D7FC405BE8}"
EndProject
Project("{9A19103F-16F7-4668-BE54-9A1E7A4F7556}") = "PrototypeInheritance", "GoF\Creational\Prototype\PrototypeInheritance\PrototypeInheritance.csproj", "{F6D388A3-B21F-4F54-9979-D3C4C32124A8}"
EndProject
Project("{9A19103F-16F7-4668-BE54-9A1E7A4F7556}") = "PrototypeThroughSerialization", "GoF\Creational\Prototype\PrototypeThroughSerialization\PrototypeThroughSerialization.csproj", "{58AFF79C-E965-481F-8AB9-0C0FE31C536E}"
EndProject
Project("{2150E333-8FDC-42A3-9474-1A3956D46DE8}") = "Structural", "Structural", "{707AC23D-4848-433A-91E9-A640C10AFE90}"
EndProject
Project("{2150E333-8FDC-42A3-9474-1A3956D46DE8}") = "Facade", "Facade", "{E85054DE-0D40-4B97-B3B8-F7E9CE59CB14}"
EndProject
Project("{FAE04EC0-301F-11D3-BF4B-00C04F79EFBC}") = "Facade", "GoF\Structural\Facade\Facade\Facade.csproj", "{7674D567-90DB-440B-BDC7-BB60EA2DC24F}"
EndProject
Global
	GlobalSection(SolutionConfigurationPlatforms) = preSolution
		Debug|Any CPU = Debug|Any CPU
		Release|Any CPU = Release|Any CPU
	EndGlobalSection
	GlobalSection(ProjectConfigurationPlatforms) = postSolution
		{7EEE6EFA-D242-4915-8474-24F3237AAA32}.Debug|Any CPU.ActiveCfg = Debug|Any CPU
		{7EEE6EFA-D242-4915-8474-24F3237AAA32}.Debug|Any CPU.Build.0 = Debug|Any CPU
		{7EEE6EFA-D242-4915-8474-24F3237AAA32}.Release|Any CPU.ActiveCfg = Release|Any CPU
		{7EEE6EFA-D242-4915-8474-24F3237AAA32}.Release|Any CPU.Build.0 = Release|Any CPU
		{A2AF60AC-A5AE-40E9-9B3A-191E1078B0CF}.Debug|Any CPU.ActiveCfg = Debug|Any CPU
		{A2AF60AC-A5AE-40E9-9B3A-191E1078B0CF}.Debug|Any CPU.Build.0 = Debug|Any CPU
		{A2AF60AC-A5AE-40E9-9B3A-191E1078B0CF}.Release|Any CPU.ActiveCfg = Release|Any CPU
		{A2AF60AC-A5AE-40E9-9B3A-191E1078B0CF}.Release|Any CPU.Build.0 = Release|Any CPU
		{B739D779-0A77-4F30-A60E-671A62ED2567}.Debug|Any CPU.ActiveCfg = Debug|Any CPU
		{B739D779-0A77-4F30-A60E-671A62ED2567}.Debug|Any CPU.Build.0 = Debug|Any CPU
		{B739D779-0A77-4F30-A60E-671A62ED2567}.Release|Any CPU.ActiveCfg = Release|Any CPU
		{B739D779-0A77-4F30-A60E-671A62ED2567}.Release|Any CPU.Build.0 = Release|Any CPU
		{582EF70B-DEC5-48B7-8738-27429DFC1734}.Debug|Any CPU.ActiveCfg = Debug|Any CPU
		{582EF70B-DEC5-48B7-8738-27429DFC1734}.Debug|Any CPU.Build.0 = Debug|Any CPU
		{582EF70B-DEC5-48B7-8738-27429DFC1734}.Release|Any CPU.ActiveCfg = Release|Any CPU
		{582EF70B-DEC5-48B7-8738-27429DFC1734}.Release|Any CPU.Build.0 = Release|Any CPU
		{0D9D1B05-0BAA-4EE7-94AE-C666A3C38ADD}.Debug|Any CPU.ActiveCfg = Debug|Any CPU
		{0D9D1B05-0BAA-4EE7-94AE-C666A3C38ADD}.Debug|Any CPU.Build.0 = Debug|Any CPU
		{0D9D1B05-0BAA-4EE7-94AE-C666A3C38ADD}.Release|Any CPU.ActiveCfg = Release|Any CPU
		{0D9D1B05-0BAA-4EE7-94AE-C666A3C38ADD}.Release|Any CPU.Build.0 = Release|Any CPU
		{7AF8DD8A-CE32-49B9-83BA-F4B095D910B8}.Debug|Any CPU.ActiveCfg = Debug|Any CPU
		{7AF8DD8A-CE32-49B9-83BA-F4B095D910B8}.Debug|Any CPU.Build.0 = Debug|Any CPU
		{7AF8DD8A-CE32-49B9-83BA-F4B095D910B8}.Release|Any CPU.ActiveCfg = Release|Any CPU
		{7AF8DD8A-CE32-49B9-83BA-F4B095D910B8}.Release|Any CPU.Build.0 = Release|Any CPU
		{EFBB2339-8CA0-43BE-B781-21AD44FCE8A2}.Debug|Any CPU.ActiveCfg = Debug|Any CPU
		{EFBB2339-8CA0-43BE-B781-21AD44FCE8A2}.Debug|Any CPU.Build.0 = Debug|Any CPU
		{EFBB2339-8CA0-43BE-B781-21AD44FCE8A2}.Release|Any CPU.ActiveCfg = Release|Any CPU
		{EFBB2339-8CA0-43BE-B781-21AD44FCE8A2}.Release|Any CPU.Build.0 = Release|Any CPU
		{BAADDAE5-7DDF-4136-8A4E-ABBDD9FD3E6F}.Debug|Any CPU.ActiveCfg = Debug|Any CPU
		{BAADDAE5-7DDF-4136-8A4E-ABBDD9FD3E6F}.Debug|Any CPU.Build.0 = Debug|Any CPU
		{BAADDAE5-7DDF-4136-8A4E-ABBDD9FD3E6F}.Release|Any CPU.ActiveCfg = Release|Any CPU
		{BAADDAE5-7DDF-4136-8A4E-ABBDD9FD3E6F}.Release|Any CPU.Build.0 = Release|Any CPU
		{16ECADC4-329D-4676-BBE3-0D29BA8A0424}.Debug|Any CPU.ActiveCfg = Debug|Any CPU
		{16ECADC4-329D-4676-BBE3-0D29BA8A0424}.Debug|Any CPU.Build.0 = Debug|Any CPU
		{16ECADC4-329D-4676-BBE3-0D29BA8A0424}.Release|Any CPU.ActiveCfg = Release|Any CPU
		{16ECADC4-329D-4676-BBE3-0D29BA8A0424}.Release|Any CPU.Build.0 = Release|Any CPU
		{025FD705-D698-4D48-8098-07E486B9BBEB}.Debug|Any CPU.ActiveCfg = Debug|Any CPU
		{025FD705-D698-4D48-8098-07E486B9BBEB}.Debug|Any CPU.Build.0 = Debug|Any CPU
		{025FD705-D698-4D48-8098-07E486B9BBEB}.Release|Any CPU.ActiveCfg = Release|Any CPU
		{025FD705-D698-4D48-8098-07E486B9BBEB}.Release|Any CPU.Build.0 = Release|Any CPU
		{41F1FB26-D470-45D1-BC95-F4C8E70D0925}.Debug|Any CPU.ActiveCfg = Debug|Any CPU
		{41F1FB26-D470-45D1-BC95-F4C8E70D0925}.Debug|Any CPU.Build.0 = Debug|Any CPU
		{41F1FB26-D470-45D1-BC95-F4C8E70D0925}.Release|Any CPU.ActiveCfg = Release|Any CPU
		{41F1FB26-D470-45D1-BC95-F4C8E70D0925}.Release|Any CPU.Build.0 = Release|Any CPU
		{7832FFCE-6B31-44DC-91A7-84BF8569CDB3}.Debug|Any CPU.ActiveCfg = Debug|Any CPU
		{7832FFCE-6B31-44DC-91A7-84BF8569CDB3}.Debug|Any CPU.Build.0 = Debug|Any CPU
		{7832FFCE-6B31-44DC-91A7-84BF8569CDB3}.Release|Any CPU.ActiveCfg = Release|Any CPU
		{7832FFCE-6B31-44DC-91A7-84BF8569CDB3}.Release|Any CPU.Build.0 = Release|Any CPU
		{83F3873D-E350-41B4-A1C2-E2F17EDB73AD}.Debug|Any CPU.ActiveCfg = Debug|Any CPU
		{83F3873D-E350-41B4-A1C2-E2F17EDB73AD}.Debug|Any CPU.Build.0 = Debug|Any CPU
		{83F3873D-E350-41B4-A1C2-E2F17EDB73AD}.Release|Any CPU.ActiveCfg = Release|Any CPU
		{83F3873D-E350-41B4-A1C2-E2F17EDB73AD}.Release|Any CPU.Build.0 = Release|Any CPU
		{8D170285-3958-4835-84F3-52BA3357D2FB}.Debug|Any CPU.ActiveCfg = Debug|Any CPU
		{8D170285-3958-4835-84F3-52BA3357D2FB}.Debug|Any CPU.Build.0 = Debug|Any CPU
		{8D170285-3958-4835-84F3-52BA3357D2FB}.Release|Any CPU.ActiveCfg = Release|Any CPU
		{8D170285-3958-4835-84F3-52BA3357D2FB}.Release|Any CPU.Build.0 = Release|Any CPU
		{D0B20B7F-C798-4EF3-A8FB-27D7FC405BE8}.Debug|Any CPU.ActiveCfg = Debug|Any CPU
		{D0B20B7F-C798-4EF3-A8FB-27D7FC405BE8}.Debug|Any CPU.Build.0 = Debug|Any CPU
		{D0B20B7F-C798-4EF3-A8FB-27D7FC405BE8}.Release|Any CPU.ActiveCfg = Release|Any CPU
		{D0B20B7F-C798-4EF3-A8FB-27D7FC405BE8}.Release|Any CPU.Build.0 = Release|Any CPU
		{F6D388A3-B21F-4F54-9979-D3C4C32124A8}.Debug|Any CPU.ActiveCfg = Debug|Any CPU
		{F6D388A3-B21F-4F54-9979-D3C4C32124A8}.Debug|Any CPU.Build.0 = Debug|Any CPU
		{F6D388A3-B21F-4F54-9979-D3C4C32124A8}.Release|Any CPU.ActiveCfg = Release|Any CPU
		{F6D388A3-B21F-4F54-9979-D3C4C32124A8}.Release|Any CPU.Build.0 = Release|Any CPU
		{58AFF79C-E965-481F-8AB9-0C0FE31C536E}.Debug|Any CPU.ActiveCfg = Debug|Any CPU
		{58AFF79C-E965-481F-8AB9-0C0FE31C536E}.Debug|Any CPU.Build.0 = Debug|Any CPU
		{58AFF79C-E965-481F-8AB9-0C0FE31C536E}.Release|Any CPU.ActiveCfg = Release|Any CPU
		{58AFF79C-E965-481F-8AB9-0C0FE31C536E}.Release|Any CPU.Build.0 = Release|Any CPU
		{7674D567-90DB-440B-BDC7-BB60EA2DC24F}.Debug|Any CPU.ActiveCfg = Debug|Any CPU
		{7674D567-90DB-440B-BDC7-BB60EA2DC24F}.Debug|Any CPU.Build.0 = Debug|Any CPU
		{7674D567-90DB-440B-BDC7-BB60EA2DC24F}.Release|Any CPU.ActiveCfg = Release|Any CPU
		{7674D567-90DB-440B-BDC7-BB60EA2DC24F}.Release|Any CPU.Build.0 = Release|Any CPU
	EndGlobalSection
	GlobalSection(SolutionProperties) = preSolution
		HideSolutionNode = FALSE
	EndGlobalSection
	GlobalSection(NestedProjects) = preSolution
		{7EEE6EFA-D242-4915-8474-24F3237AAA32} = {5DA43D0D-B279-40B9-B167-54691E76B834}
		{A2AF60AC-A5AE-40E9-9B3A-191E1078B0CF} = {5DA43D0D-B279-40B9-B167-54691E76B834}
		{B739D779-0A77-4F30-A60E-671A62ED2567} = {5DA43D0D-B279-40B9-B167-54691E76B834}
		{582EF70B-DEC5-48B7-8738-27429DFC1734} = {5DA43D0D-B279-40B9-B167-54691E76B834}
		{0D9D1B05-0BAA-4EE7-94AE-C666A3C38ADD} = {5DA43D0D-B279-40B9-B167-54691E76B834}
		{0D2816DF-56A1-4FF7-9586-B6C4137BAC18} = {958CE519-0F31-43D5-9532-5B5D6D6B0163}
		{BAD4A4D1-7B4E-4A21-B0E6-49FAE6837258} = {0D2816DF-56A1-4FF7-9586-B6C4137BAC18}
		{7AF8DD8A-CE32-49B9-83BA-F4B095D910B8} = {BAD4A4D1-7B4E-4A21-B0E6-49FAE6837258}
		{EFBB2339-8CA0-43BE-B781-21AD44FCE8A2} = {BAD4A4D1-7B4E-4A21-B0E6-49FAE6837258}
		{BAADDAE5-7DDF-4136-8A4E-ABBDD9FD3E6F} = {BAD4A4D1-7B4E-4A21-B0E6-49FAE6837258}
		{72973E26-75A0-48B2-83B1-2FCC4D1E9C2B} = {0D2816DF-56A1-4FF7-9586-B6C4137BAC18}
		{16ECADC4-329D-4676-BBE3-0D29BA8A0424} = {72973E26-75A0-48B2-83B1-2FCC4D1E9C2B}
		{025FD705-D698-4D48-8098-07E486B9BBEB} = {72973E26-75A0-48B2-83B1-2FCC4D1E9C2B}
		{65EB9A83-5A25-44CE-B299-3696B2201901} = {0D2816DF-56A1-4FF7-9586-B6C4137BAC18}
		{41F1FB26-D470-45D1-BC95-F4C8E70D0925} = {65EB9A83-5A25-44CE-B299-3696B2201901}
		{67BD4E74-25B1-4955-91AA-BC09F91A3DD5} = {0D2816DF-56A1-4FF7-9586-B6C4137BAC18}
		{7832FFCE-6B31-44DC-91A7-84BF8569CDB3} = {67BD4E74-25B1-4955-91AA-BC09F91A3DD5}
		{DCDC1F4C-E7F3-4854-BC2D-BB46BFE7A137} = {0D2816DF-56A1-4FF7-9586-B6C4137BAC18}
		{83F3873D-E350-41B4-A1C2-E2F17EDB73AD} = {DCDC1F4C-E7F3-4854-BC2D-BB46BFE7A137}
		{8D170285-3958-4835-84F3-52BA3357D2FB} = {DCDC1F4C-E7F3-4854-BC2D-BB46BFE7A137}
		{D0B20B7F-C798-4EF3-A8FB-27D7FC405BE8} = {DCDC1F4C-E7F3-4854-BC2D-BB46BFE7A137}
		{F6D388A3-B21F-4F54-9979-D3C4C32124A8} = {DCDC1F4C-E7F3-4854-BC2D-BB46BFE7A137}
		{58AFF79C-E965-481F-8AB9-0C0FE31C536E} = {DCDC1F4C-E7F3-4854-BC2D-BB46BFE7A137}
		{707AC23D-4848-433A-91E9-A640C10AFE90} = {958CE519-0F31-43D5-9532-5B5D6D6B0163}
		{E85054DE-0D40-4B97-B3B8-F7E9CE59CB14} = {707AC23D-4848-433A-91E9-A640C10AFE90}
		{7674D567-90DB-440B-BDC7-BB60EA2DC24F} = {E85054DE-0D40-4B97-B3B8-F7E9CE59CB14}
	EndGlobalSection
	GlobalSection(ExtensibilityGlobals) = postSolution
		SolutionGuid = {079D6E3E-C422-457B-9919-61ACC2889EE0}
	EndGlobalSection
EndGlobal
